
Microsoft Visual Studio Solution File, Format Version 12.00
# Visual Studio Version 17
VisualStudioVersion = 17.4.33110.190
MinimumVisualStudioVersion = 10.0.40219.1
Project("{FAE04EC0-301F-11D3-BF4B-00C04F79EFBC}") = "ElizaWebProject", "ElizaWebProject\ElizaWebProject.csproj", "{D95D9BE7-698A-4984-8664-1E98C4046D41}"
EndProject
Global
	GlobalSection(SolutionConfigurationPlatforms) = preSolution
		Debug|Any CPU = Debug|Any CPU
		Release|Any CPU = Release|Any CPU
	EndGlobalSection
	GlobalSection(ProjectConfigurationPlatforms) = postSolution
		{D95D9BE7-698A-4984-8664-1E98C4046D41}.Debug|Any CPU.ActiveCfg = Debug|Any CPU
		{D95D9BE7-698A-4984-8664-1E98C4046D41}.Debug|Any CPU.Build.0 = Debug|Any CPU
		{D95D9BE7-698A-4984-8664-1E98C4046D41}.Release|Any CPU.ActiveCfg = Release|Any CPU
		{D95D9BE7-698A-4984-8664-1E98C4046D41}.Release|Any CPU.Build.0 = Release|Any CPU
	EndGlobalSection
	GlobalSection(SolutionProperties) = preSolution
		HideSolutionNode = FALSE
	EndGlobalSection
	GlobalSection(ExtensibilityGlobals) = postSolution
		SolutionGuid = {FBD773DC-64C6-4A5F-A3E2-C6B80D54ADFE}
	EndGlobalSection
EndGlobal
